
Microsoft Visual Studio Solution File, Format Version 12.00
# Visual Studio 15
Project("{FAE04EC0-301F-11D3-BF4B-00C04F79EFBC}") = "Assembly-CSharp", "Assembly-CSharp.csproj", "{2A8F8C03-DF96-F0CB-FA65-38B93BB504EB}"
EndProject
Project("{FAE04EC0-301F-11D3-BF4B-00C04F79EFBC}") = "Assembly-CSharp-Editor", "Assembly-CSharp-Editor.csproj", "{37A2C356-3DA7-0C31-EB3B-E8223A65F04D}"
EndProject
Global
	GlobalSection(SolutionConfigurationPlatforms) = preSolution
		Debug|Any CPU = Debug|Any CPU
		Release|Any CPU = Release|Any CPU
	EndGlobalSection
	GlobalSection(ProjectConfigurationPlatforms) = postSolution
		{2A8F8C03-DF96-F0CB-FA65-38B93BB504EB}.Debug|Any CPU.ActiveCfg = Debug|Any CPU
		{2A8F8C03-DF96-F0CB-FA65-38B93BB504EB}.Debug|Any CPU.Build.0 = Debug|Any CPU
		{2A8F8C03-DF96-F0CB-FA65-38B93BB504EB}.Release|Any CPU.ActiveCfg = Release|Any CPU
		{2A8F8C03-DF96-F0CB-FA65-38B93BB504EB}.Release|Any CPU.Build.0 = Release|Any CPU
		{37A2C356-3DA7-0C31-EB3B-E8223A65F04D}.Debug|Any CPU.ActiveCfg = Debug|Any CPU
		{37A2C356-3DA7-0C31-EB3B-E8223A65F04D}.Debug|Any CPU.Build.0 = Debug|Any CPU
		{37A2C356-3DA7-0C31-EB3B-E8223A65F04D}.Release|Any CPU.ActiveCfg = Release|Any CPU
		{37A2C356-3DA7-0C31-EB3B-E8223A65F04D}.Release|Any CPU.Build.0 = Release|Any CPU
	EndGlobalSection
	GlobalSection(SolutionProperties) = preSolution
		HideSolutionNode = FALSE
	EndGlobalSection
EndGlobal
